PODS:
  - lottie-ios (3.2.3)
  - SnapKit (5.0.1)

DEPENDENCIES:
  - lottie-ios
  - SnapKit

SPEC REPOS:
  trunk:
    - lottie-ios
    - SnapKit

SPEC CHECKSUMS:
  lottie-ios: c058aeafa76daa4cf64d773554bccc8385d0150e
  SnapKit: 97b92857e3df3a0c71833cce143274bf6ef8e5eb

PODFILE CHECKSUM: cf941379241a2959da23e135f5fc164a5c251a61

COCOAPODS: 1.11.2
